// !$*UTF8*$!
{
	archiveVersion = 1;
	classes = {
	};
	objectVersion = 50;
	objects = {

/* Begin PBXBuildFile section */
		DE530B7D26826D09006606C1 /* AppDelegate.m in Sources */ = {isa = PBXBuildFile; fileRef = DE530B7C26826D09006606C1 /* AppDelegate.m */; };
		DE530B8026826D09006606C1 /* SceneDelegate.m in Sources */ = {isa = PBXBuildFile; fileRef = DE530B7F26826D09006606C1 /* SceneDelegate.m */; };
		DE530B8626826D09006606C1 /* Main.storyboard in Resources */ = {isa = PBXBuildFile; fileRef = DE530B8426826D09006606C1 /* Main.storyboard */; };
		DE530B8826826D0A006606C1 /* Assets.xcassets in Resources */ = {isa = PBXBuildFile; fileRef = DE530B8726826D0A006606C1 /* Assets.xcassets */; };
		DE530B8B26826D0A006606C1 /* LaunchScreen.storyboard in Resources */ = {isa = PBXBuildFile; fileRef = DE530B8926826D0A006606C1 /* LaunchScreen.storyboard */; };
		DE530B8E26826D0A006606C1 /* main.m in Sources */ = {isa = PBXBuildFile; fileRef = DE530B8D26826D0A006606C1 /* main.m */; };
		DE530B9826826D0B006606C1 /* Tip_CalculatorTests.m in Sources */ = {isa = PBXBuildFile; fileRef = DE530B9726826D0B006606C1 /* Tip_CalculatorTests.m */; };
		DE530BA326826D0B006606C1 /* Tip_CalculatorUITests.m in Sources */ = {isa = PBXBuildFile; fileRef = DE530BA226826D0B006606C1 /* Tip_CalculatorUITests.m */; };
		DE530BB226827658006606C1 /* TipViewController.m in Sources */ = {isa = PBXBuildFile; fileRef = DE530BB126827658006606C1 /* TipViewController.m */; };
/* End PBXBuildFile section */

/* Begin PBXContainerItemProxy section */
		DE530B9426826D0B006606C1 /* PBXContainerItemProxy */ = {
			isa = PBXContainerItemProxy;
			containerPortal = DE530B7026826D09006606C1 /* Project object */;
			proxyType = 1;
			remoteGlobalIDString = DE530B7726826D09006606C1;
			remoteInfo = "Tip Calculator";
		};
		DE530B9F26826D0B006606C1 /* PBXContainerItemProxy */ = {
			isa = PBXContainerItemProxy;
			containerPortal = DE530B7026826D09006606C1 /* Project object */;
			proxyType = 1;
			remoteGlobalIDString = DE530B7726826D09006606C1;
			remoteInfo = "Tip Calculator";
		};
/* End PBXContainerItemProxy section */

/* Begin PBXFileReference section */
		DE530B7826826D09006606C1 /* Tip Calculator.app */ = {isa = PBXFileReference; explicitFileType = wrapper.application; includeInIndex = 0; path = "Tip Calculator.app"; sourceTree = BUILT_PRODUCTS_DIR; };
		DE530B7B26826D09006606C1 /* AppDelegate.h */ = {isa = PBXFileReference; lastKnownFileType = sourcecode.c.h; path = AppDelegate.h; sourceTree = "<group>"; };
		DE530B7C26826D09006606C1 /* AppDelegate.m */ = {isa = PBXFileReference; lastKnownFileType = sourcecode.c.objc; path = AppDelegate.m; sourceTree = "<group>"; };
		DE530B7E26826D09006606C1 /* SceneDelegate.h */ = {isa = PBXFileReference; lastKnownFileType = sourcecode.c.h; path = SceneDelegate.h; sourceTree = "<group>"; };
		DE530B7F26826D09006606C1 /* SceneDelegate.m */ = {isa = PBXFileReference; lastKnownFileType = sourcecode.c.objc; path = SceneDelegate.m; sourceTree = "<group>"; };
		DE530B8526826D09006606C1 /* Base */ = {isa = PBXFileReference; lastKnownFileType = file.storyboard; name = Base; path = Base.lproj/Main.storyboard; sourceTree = "<group>"; };
		DE530B8726826D0A006606C1 /* Assets.xcassets */ = {isa = PBXFileReference; lastKnownFileType = folder.assetcatalog; path = Assets.xcassets; sourceTree = "<group>"; };
		DE530B8A26826D0A006606C1 /* Base */ = {isa = PBXFileReference; lastKnownFileType = file.storyboard; name = Base; path = Base.lproj/LaunchScreen.storyboard; sourceTree = "<group>"; };
		DE530B8C26826D0A006606C1 /* Info.plist */ = {isa = PBXFileReference; lastKnownFileType = text.plist.xml; path = Info.plist; sourceTree = "<group>"; };
		DE530B8D26826D0A006606C1 /* main.m */ = {isa = PBXFileReference; lastKnownFileType = sourcecode.c.objc; path = main.m; sourceTree = "<group>"; };
		DE530B9326826D0B006606C1 /* Tip CalculatorTests.xctest */ = {isa = PBXFileReference; explicitFileType = wrapper.cfbundle; includeInIndex = 0; path = "Tip CalculatorTests.xctest"; sourceTree = BUILT_PRODUCTS_DIR; };
		DE530B9726826D0B006606C1 /* Tip_CalculatorTests.m */ = {isa = PBXFileReference; lastKnownFileType = sourcecode.c.objc; path = Tip_CalculatorTests.m; sourceTree = "<group>"; };
		DE530B9926826D0B006606C1 /* Info.plist */ = {isa = PBXFileReference; lastKnownFileType = text.plist.xml; path = Info.plist; sourceTree = "<group>"; };
		DE530B9E26826D0B006606C1 /* Tip CalculatorUITests.xctest */ = {isa = PBXFileReference; explicitFileType = wrapper.cfbundle; includeInIndex = 0; path = "Tip CalculatorUITests.xctest"; sourceTree = BUILT_PRODUCTS_DIR; };
		DE530BA226826D0B006606C1 /* Tip_CalculatorUITests.m */ = {isa = PBXFileReference; lastKnownFileType = sourcecode.c.objc; path = Tip_CalculatorUITests.m; sourceTree = "<group>"; };
		DE530BA426826D0B006606C1 /* Info.plist */ = {isa = PBXFileReference; lastKnownFileType = text.plist.xml; path = Info.plist; sourceTree = "<group>"; };
		DE530BB026827658006606C1 /* TipViewController.h */ = {isa = PBXFileReference; lastKnownFileType = sourcecode.c.h; path = TipViewController.h; sourceTree = "<group>"; };
		DE530BB126827658006606C1 /* TipViewController.m */ = {isa = PBXFileReference; lastKnownFileType = sourcecode.c.objc; path = TipViewController.m; sourceTree = "<group>"; };
/* End PBXFileReference section */

/* Begin PBXFrameworksBuildPhase section */
		DE530B7526826D09006606C1 /* Frameworks */ = {
			isa = PBXFrameworksBuildPhase;
			buildActionMask = 2147483647;
			files = (
			);
			runOnlyForDeploymentPostprocessing = 0;
		};
		DE530B9026826D0B006606C1 /* Frameworks */ = {
			isa = PBXFrameworksBuildPhase;
			buildActionMask = 2147483647;
			files = (
			);
			runOnlyForDeploymentPostprocessing = 0;
		};
		DE530B9B26826D0B006606C1 /* Frameworks */ = {
			isa = PBXFrameworksBuildPhase;
			buildActionMask = 2147483647;
			files = (
			);
			runOnlyForDeploymentPostprocessing = 0;
		};
/* End PBXFrameworksBuildPhase section */

/* Begin PBXGroup section */
		DE530B6F26826D09006606C1 = {
			isa = PBXGroup;
			children = (
				DE530B7A26826D09006606C1 /* Tip Calculator */,
				DE530B9626826D0B006606C1 /* Tip CalculatorTests */,
				DE530BA126826D0B006606C1 /* Tip CalculatorUITests */,
				DE530B7926826D09006606C1 /* Products */,
			);
			sourceTree = "<group>";
		};
		DE530B7926826D09006606C1 /* Products */ = {
			isa = PBXGroup;
			children = (
				DE530B7826826D09006606C1 /* Tip Calculator.app */,
				DE530B9326826D0B006606C1 /* Tip CalculatorTests.xctest */,
				DE530B9E26826D0B006606C1 /* Tip CalculatorUITests.xctest */,
			);
			name = Products;
			sourceTree = "<group>";
		};
		DE530B7A26826D09006606C1 /* Tip Calculator */ = {
			isa = PBXGroup;
			children = (
				DE530B7B26826D09006606C1 /* AppDelegate.h */,
				DE530B7C26826D09006606C1 /* AppDelegate.m */,
				DE530B7E26826D09006606C1 /* SceneDelegate.h */,
				DE530B7F26826D09006606C1 /* SceneDelegate.m */,
				DE530B8426826D09006606C1 /* Main.storyboard */,
				DE530BB026827658006606C1 /* TipViewController.h */,
				DE530BB126827658006606C1 /* TipViewController.m */,
				DE530B8726826D0A006606C1 /* Assets.xcassets */,
				DE530B8926826D0A006606C1 /* LaunchScreen.storyboard */,
				DE530B8C26826D0A006606C1 /* Info.plist */,
				DE530B8D26826D0A006606C1 /* main.m */,
			);
			path = "Tip Calculator";
			sourceTree = "<group>";
		};
		DE530B9626826D0B006606C1 /* Tip CalculatorTests */ = {
			isa = PBXGroup;
			children = (
				DE530B9726826D0B006606C1 /* Tip_CalculatorTests.m */,
				DE530B9926826D0B006606C1 /* Info.plist */,
			);
			path = "Tip CalculatorTests";
			sourceTree = "<group>";
		};
		DE530BA126826D0B006606C1 /* Tip CalculatorUITests */ = {
			isa = PBXGroup;
			children = (
				DE530BA226826D0B006606C1 /* Tip_CalculatorUITests.m */,
				DE530BA426826D0B006606C1 /* Info.plist */,
			);
			path = "Tip CalculatorUITests";
			sourceTree = "<group>";
		};
/* End PBXGroup section */

/* Begin PBXNativeTarget section */
		DE530B7726826D09006606C1 /* Tip Calculator */ = {
			isa = PBXNativeTarget;
			buildConfigurationList = DE530BA726826D0B006606C1 /* Build configuration list for PBXNativeTarget "Tip Calculator" */;
			buildPhases = (
				DE530B7426826D09006606C1 /* Sources */,
				DE530B7526826D09006606C1 /* Frameworks */,
				DE530B7626826D09006606C1 /* Resources */,
			);
			buildRules = (
			);
			dependencies = (
			);
			name = "Tip Calculator";
			productName = "Tip Calculator";
			productReference = DE530B7826826D09006606C1 /* Tip Calculator.app */;
			productType = "com.apple.product-type.application";
		};
		DE530B9226826D0B006606C1 /* Tip CalculatorTests */ = {
			isa = PBXNativeTarget;
			buildConfigurationList = DE530BAA26826D0B006606C1 /* Build configuration list for PBXNativeTarget "Tip CalculatorTests" */;
			buildPhases = (
				DE530B8F26826D0B006606C1 /* Sources */,
				DE530B9026826D0B006606C1 /* Frameworks */,
				DE530B9126826D0B006606C1 /* Resources */,
			);
			buildRules = (
			);
			dependencies = (
				DE530B9526826D0B006606C1 /* PBXTargetDependency */,
			);
			name = "Tip CalculatorTests";
			productName = "Tip CalculatorTests";
			productReference = DE530B9326826D0B006606C1 /* Tip CalculatorTests.xctest */;
			productType = "com.apple.product-type.bundle.unit-test";
		};
		DE530B9D26826D0B006606C1 /* Tip CalculatorUITests */ = {
			isa = PBXNativeTarget;
			buildConfigurationList = DE530BAD26826D0B006606C1 /* Build configuration list for PBXNativeTarget "Tip CalculatorUITests" */;
			buildPhases = (
				DE530B9A26826D0B006606C1 /* Sources */,
				DE530B9B26826D0B006606C1 /* Frameworks */,
				DE530B9C26826D0B006606C1 /* Resources */,
			);
			buildRules = (
			);
			dependencies = (
				DE530BA026826D0B006606C1 /* PBXTargetDependency */,
			);
			name = "Tip CalculatorUITests";
			productName = "Tip CalculatorUITests";
			productReference = DE530B9E26826D0B006606C1 /* Tip CalculatorUITests.xctest */;
			productType = "com.apple.product-type.bundle.ui-testing";
		};
/* End PBXNativeTarget section */

/* Begin PBXProject section */
		DE530B7026826D09006606C1 /* Project object */ = {
			isa = PBXProject;
			attributes = {
				LastUpgradeCheck = 1250;
				TargetAttributes = {
					DE530B7726826D09006606C1 = {
						CreatedOnToolsVersion = 12.5.1;
					};
					DE530B9226826D0B006606C1 = {
						CreatedOnToolsVersion = 12.5.1;
						TestTargetID = DE530B7726826D09006606C1;
					};
					DE530B9D26826D0B006606C1 = {
						CreatedOnToolsVersion = 12.5.1;
						TestTargetID = DE530B7726826D09006606C1;
					};
				};
			};
			buildConfigurationList = DE530B7326826D09006606C1 /* Build configuration list for PBXProject "Tip Calculator" */;
			compatibilityVersion = "Xcode 9.3";
			developmentRegion = en;
			hasScannedForEncodings = 0;
			knownRegions = (
				en,
				Base,
			);
			mainGroup = DE530B6F26826D09006606C1;
			productRefGroup = DE530B7926826D09006606C1 /* Products */;
			projectDirPath = "";
			projectRoot = "";
			targets = (
				DE530B7726826D09006606C1 /* Tip Calculator */,
				DE530B9226826D0B006606C1 /* Tip CalculatorTests */,
				DE530B9D26826D0B006606C1 /* Tip CalculatorUITests */,
			);
		};
/* End PBXProject section */

/* Begin PBXResourcesBuildPhase section */
		DE530B7626826D09006606C1 /* Resources */ = {
			isa = PBXResourcesBuildPhase;
			buildActionMask = 2147483647;
			files = (
				DE530B8B26826D0A006606C1 /* LaunchScreen.storyboard in Resources */,
				DE530B8826826D0A006606C1 /* Assets.xcassets in Resources */,
				DE530B8626826D09006606C1 /* Main.storyboard in Resources */,
			);
			runOnlyForDeploymentPostprocessing = 0;
		};
		DE530B9126826D0B006606C1 /* Resources */ = {
			isa = PBXResourcesBuildPhase;
			buildActionMask = 2147483647;
			files = (
			);
			runOnlyForDeploymentPostprocessing = 0;
		};
		DE530B9C26826D0B006606C1 /* Resources */ = {
			isa = PBXResourcesBuildPhase;
			buildActionMask = 2147483647;
			files = (
			);
			runOnlyForDeploymentPostprocessing = 0;
		};
/* End PBXResourcesBuildPhase section */

/* Begin PBXSourcesBuildPhase section */
		DE530B7426826D09006606C1 /* Sources */ = {
			isa = PBXSourcesBuildPhase;
			buildActionMask = 2147483647;
			files = (
				DE530B7D26826D09006606C1 /* AppDelegate.m in Sources */,
				DE530B8E26826D0A006606C1 /* main.m in Sources */,
				DE530BB226827658006606C1 /* TipViewController.m in Sources */,
				DE530B8026826D09006606C1 /* SceneDelegate.m in Sources */,
			);
			runOnlyForDeploymentPostprocessing = 0;
		};
		DE530B8F26826D0B006606C1 /* Sources */ = {
			isa = PBXSourcesBuildPhase;
			buildActionMask = 2147483647;
			files = (
				DE530B9826826D0B006606C1 /* Tip_CalculatorTests.m in Sources */,
			);
			runOnlyForDeploymentPostprocessing = 0;
		};
		DE530B9A26826D0B006606C1 /* Sources */ = {
			isa = PBXSourcesBuildPhase;
			buildActionMask = 2147483647;
			files = (
				DE530BA326826D0B006606C1 /* Tip_CalculatorUITests.m in Sources */,
			);
			runOnlyForDeploymentPostprocessing = 0;
		};
/* End PBXSourcesBuildPhase section */

/* Begin PBXTargetDependency section */
		DE530B9526826D0B006606C1 /* PBXTargetDependency */ = {
			isa = PBXTargetDependency;
			target = DE530B7726826D09006606C1 /* Tip Calculator */;
			targetProxy = DE530B9426826D0B006606C1 /* PBXContainerItemProxy */;
		};
		DE530BA026826D0B006606C1 /* PBXTargetDependency */ = {
			isa = PBXTargetDependency;
			target = DE530B7726826D09006606C1 /* Tip Calculator */;
			targetProxy = DE530B9F26826D0B006606C1 /* PBXContainerItemProxy */;
		};
/* End PBXTargetDependency section */

/* Begin PBXVariantGroup section */
		DE530B8426826D09006606C1 /* Main.storyboard */ = {
			isa = PBXVariantGroup;
			children = (
				DE530B8526826D09006606C1 /* Base */,
			);
			name = Main.storyboard;
			sourceTree = "<group>";
		};
		DE530B8926826D0A006606C1 /* LaunchScreen.storyboard */ = {
			isa = PBXVariantGroup;
			children = (
				DE530B8A26826D0A006606C1 /* Base */,
			);
			name = LaunchScreen.storyboard;
			sourceTree = "<group>";
		};
/* End PBXVariantGroup section */

/* Begin XCBuildConfiguration section */
		DE530BA526826D0B006606C1 /* Debug */ = {
			isa = XCBuildConfiguration;
			buildSettings = {
				ALWAYS_SEARCH_USER_PATHS = NO;
				CLANG_ANALYZER_NONNULL = YES;
				CLANG_ANALYZER_NUMBER_OBJECT_CONVERSION = YES_AGGRESSIVE;
				CLANG_CXX_LANGUAGE_STANDARD = "gnu++14";
				CLANG_CXX_LIBRARY = "libc++";
				CLANG_ENABLE_MODULES = YES;
				CLANG_ENABLE_OBJC_ARC = YES;
				CLANG_ENABLE_OBJC_WEAK = YES;
				CLANG_WARN_BLOCK_CAPTURE_AUTORELEASING = YES;
				CLANG_WARN_BOOL_CONVERSION = YES;
				CLANG_WARN_COMMA = YES;
				CLANG_WARN_CONSTANT_CONVERSION = YES;
				CLANG_WARN_DEPRECATED_OBJC_IMPLEMENTATIONS = YES;
				CLANG_WARN_DIRECT_OBJC_ISA_USAGE = YES_ERROR;
				CLANG_WARN_DOCUMENTATION_COMMENTS = YES;
				CLANG_WARN_EMPTY_BODY = YES;
				CLANG_WARN_ENUM_CONVERSION = YES;
				CLANG_WARN_INFINITE_RECURSION = YES;
				CLANG_WARN_INT_CONVERSION = YES;
				CLANG_WARN_NON_LITERAL_NULL_CONVERSION = YES;
				CLANG_WARN_OBJC_IMPLICIT_RETAIN_SELF = YES;
				CLANG_WARN_OBJC_LITERAL_CONVERSION = YES;
				CLANG_WARN_OBJC_ROOT_CLASS = YES_ERROR;
				CLANG_WARN_QUOTED_INCLUDE_IN_FRAMEWORK_HEADER = YES;
				CLANG_WARN_RANGE_LOOP_ANALYSIS = YES;
				CLANG_WARN_STRICT_PROTOTYPES = YES;
				CLANG_WARN_SUSPICIOUS_MOVE = YES;
				CLANG_WARN_UNGUARDED_AVAILABILITY = YES_AGGRESSIVE;
				CLANG_WARN_UNREACHABLE_CODE = YES;
				CLANG_WARN__DUPLICATE_METHOD_MATCH = YES;
				COPY_PHASE_STRIP = NO;
				DEBUG_INFORMATION_FORMAT = dwarf;
				ENABLE_STRICT_OBJC_MSGSEND = YES;
				ENABLE_TESTABILITY = YES;
				GCC_C_LANGUAGE_STANDARD = gnu11;
				GCC_DYNAMIC_NO_PIC = NO;
				GCC_NO_COMMON_BLOCKS = YES;
				GCC_OPTIMIZATION_LEVEL = 0;
				GCC_PREPROCESSOR_DEFINITIONS = (
					"DEBUG=1",
					"$(inherited)",
				);
				GCC_WARN_64_TO_32_BIT_CONVERSION = YES;
				GCC_WARN_ABOUT_RETURN_TYPE = YES_ERROR;
				GCC_WARN_UNDECLARED_SELECTOR = YES;
				GCC_WARN_UNINITIALIZED_AUTOS = YES_AGGRESSIVE;
				GCC_WARN_UNUSED_FUNCTION = YES;
				GCC_WARN_UNUSED_VARIABLE = YES;
				IPHONEOS_DEPLOYMENT_TARGET = 14.5;
				MTL_ENABLE_DEBUG_INFO = INCLUDE_SOURCE;
				MTL_FAST_MATH = YES;
				ONLY_ACTIVE_ARCH = YES;
				SDKROOT = iphoneos;
			};
			name = Debug;
		};
		DE530BA626826D0B006606C1 /* Release */ = {
			isa = XCBuildConfiguration;
			buildSettings = {
				ALWAYS_SEARCH_USER_PATHS = NO;
				CLANG_ANALYZER_NONNULL = YES;
				CLANG_ANALYZER_NUMBER_OBJECT_CONVERSION = YES_AGGRESSIVE;
				CLANG_CXX_LANGUAGE_STANDARD = "gnu++14";
				CLANG_CXX_LIBRARY = "libc++";
				CLANG_ENABLE_MODULES = YES;
				CLANG_ENABLE_OBJC_ARC = YES;
				CLANG_ENABLE_OBJC_WEAK = YES;
				CLANG_WARN_BLOCK_CAPTURE_AUTORELEASING = YES;
				CLANG_WARN_BOOL_CONVERSION = YES;
				CLANG_WARN_COMMA = YES;
				CLANG_WARN_CONSTANT_CONVERSION = YES;
				CLANG_WARN_DEPRECATED_OBJC_IMPLEMENTATIONS = YES;
				CLANG_WARN_DIRECT_OBJC_ISA_USAGE = YES_ERROR;
				CLANG_WARN_DOCUMENTATION_COMMENTS = YES;
				CLANG_WARN_EMPTY_BODY = YES;
				CLANG_WARN_ENUM_CONVERSION = YES;
				CLANG_WARN_INFINITE_RECURSION = YES;
				CLANG_WARN_INT_CONVERSION = YES;
				CLANG_WARN_NON_LITERAL_NULL_CONVERSION = YES;
				CLANG_WARN_OBJC_IMPLICIT_RETAIN_SELF = YES;
				CLANG_WARN_OBJC_LITERAL_CONVERSION = YES;
				CLANG_WARN_OBJC_ROOT_CLASS = YES_ERROR;
				CLANG_WARN_QUOTED_INCLUDE_IN_FRAMEWORK_HEADER = YES;
				CLANG_WARN_RANGE_LOOP_ANALYSIS = YES;
				CLANG_WARN_STRICT_PROTOTYPES = YES;
				CLANG_WARN_SUSPICIOUS_MOVE = YES;
				CLANG_WARN_UNGUARDED_AVAILABILITY = YES_AGGRESSIVE;
				CLANG_WARN_UNREACHABLE_CODE = YES;
				CLANG_WARN__DUPLICATE_METHOD_MATCH = YES;
				COPY_PHASE_STRIP = NO;
				DEBUG_INFORMATION_FORMAT = "dwarf-with-dsym";
				ENABLE_NS_ASSERTIONS = NO;
				ENABLE_STRICT_OBJC_MSGSEND = YES;
				GCC_C_LANGUAGE_STANDARD = gnu11;
				GCC_NO_COMMON_BLOCKS = YES;
				GCC_WARN_64_TO_32_BIT_CONVERSION = YES;
				GCC_WARN_ABOUT_RETURN_TYPE = YES_ERROR;
				GCC_WARN_UNDECLARED_SELECTOR = YES;
				GCC_WARN_UNINITIALIZED_AUTOS = YES_AGGRESSIVE;
				GCC_WARN_UNUSED_FUNCTION = YES;
				GCC_WARN_UNUSED_VARIABLE = YES;
				IPHONEOS_DEPLOYMENT_TARGET = 14.5;
				MTL_ENABLE_DEBUG_INFO = NO;
				MTL_FAST_MATH = YES;
				SDKROOT = iphoneos;
				VALIDATE_PRODUCT = YES;
			};
			name = Release;
		};
		DE530BA826826D0B006606C1 /* Debug */ = {
			isa = XCBuildConfiguration;
			buildSettings = {
				ASSETCATALOG_COMPILER_APPICON_NAME = AppIcon;
				ASSETCATALOG_COMPILER_GLOBAL_ACCENT_COLOR_NAME = AccentColor;
				CODE_SIGN_STYLE = Automatic;
				DEVELOPMENT_TEAM = 7Y7LJ9KM6D;
				INFOPLIST_FILE = "Tip Calculator/Info.plist";
				LD_RUNPATH_SEARCH_PATHS = (
					"$(inherited)",
					"@executable_path/Frameworks",
				);
				PRODUCT_BUNDLE_IDENTIFIER = "com.codepath.Tip-Calculator2";
				PRODUCT_NAME = "$(TARGET_NAME)";
				TARGETED_DEVICE_FAMILY = "1,2";
			};
			name = Debug;
		};
		DE530BA926826D0B006606C1 /* Release */ = {
			isa = XCBuildConfiguration;
			buildSettings = {
				ASSETCATALOG_COMPILER_APPICON_NAME = AppIcon;
				ASSETCATALOG_COMPILER_GLOBAL_ACCENT_COLOR_NAME = AccentColor;
				CODE_SIGN_STYLE = Automatic;
				DEVELOPMENT_TEAM = 7Y7LJ9KM6D;
				INFOPLIST_FILE = "Tip Calculator/Info.plist";
				LD_RUNPATH_SEARCH_PATHS = (
					"$(inherited)",
					"@executable_path/Frameworks",
				);
				PRODUCT_BUNDLE_IDENTIFIER = "com.codepath.Tip-Calculator2";
				PRODUCT_NAME = "$(TARGET_NAME)";
				TARGETED_DEVICE_FAMILY = "1,2";
			};
			name = Release;
		};
		DE530BAB26826D0B006606C1 /* Debug */ = {
			isa = XCBuildConfiguration;
			buildSettings = {
				BUNDLE_LOADER = "$(TEST_HOST)";
				CODE_SIGN_STYLE = Automatic;
				DEVELOPMENT_TEAM = 7Y7LJ9KM6D;
				INFOPLIST_FILE = "Tip CalculatorTests/Info.plist";
				IPHONEOS_DEPLOYMENT_TARGET = 14.5;
				LD_RUNPATH_SEARCH_PATHS = (
					"$(inherited)",
					"@executable_path/Frameworks",
					"@loader_path/Frameworks",
				);
				PRODUCT_BUNDLE_IDENTIFIER = "com.codepath.Tip-CalculatorTests";
				PRODUCT_NAME = "$(TARGET_NAME)";
				TARGETED_DEVICE_FAMILY = "1,2";
				TEST_HOST = "$(BUILT_PRODUCTS_DIR)/Tip Calculator.app/Tip Calculator";
			};
			name = Debug;
		};
		DE530BAC26826D0B006606C1 /* Release */ = {
			isa = XCBuildConfiguration;
			buildSettings = {
				BUNDLE_LOADER = "$(TEST_HOST)";
				CODE_SIGN_STYLE = Automatic;
				DEVELOPMENT_TEAM = 7Y7LJ9KM6D;
				INFOPLIST_FILE = "Tip CalculatorTests/Info.plist";
				IPHONEOS_DEPLOYMENT_TARGET = 14.5;
				LD_RUNPATH_SEARCH_PATHS = (
					"$(inherited)",
					"@executable_path/Frameworks",
					"@loader_path/Frameworks",
				);
				PRODUCT_BUNDLE_IDENTIFIER = "com.codepath.Tip-CalculatorTests";
				PRODUCT_NAME = "$(TARGET_NAME)";
				TARGETED_DEVICE_FAMILY = "1,2";
				TEST_HOST = "$(BUILT_PRODUCTS_DIR)/Tip Calculator.app/Tip Calculator";
			};
			name = Release;
		};
		DE530BAE26826D0B006606C1 /* Debug */ = {
			isa = XCBuildConfiguration;
			buildSettings = {
				CODE_SIGN_STYLE = Automatic;
				DEVELOPMENT_TEAM = 7Y7LJ9KM6D;
				INFOPLIST_FILE = "Tip CalculatorUITests/Info.plist";
				LD_RUNPATH_SEARCH_PATHS = (
					"$(inherited)",
					"@executable_path/Frameworks",
					"@loader_path/Frameworks",
				);
				PRODUCT_BUNDLE_IDENTIFIER = "com.codepath.Tip-CalculatorUITests";
				PRODUCT_NAME = "$(TARGET_NAME)";
				TARGETED_DEVICE_FAMILY = "1,2";
				TEST_TARGET_NAME = "Tip Calculator";
			};
			name = Debug;
		};
		DE530BAF26826D0B006606C1 /* Release */ = {
			isa = XCBuildConfiguration;
			buildSettings = {
				CODE_SIGN_STYLE = Automatic;
				DEVELOPMENT_TEAM = 7Y7LJ9KM6D;
				INFOPLIST_FILE = "Tip CalculatorUITests/Info.plist";
				LD_RUNPATH_SEARCH_PATHS = (
					"$(inherited)",
					"@executable_path/Frameworks",
					"@loader_path/Frameworks",
				);
				PRODUCT_BUNDLE_IDENTIFIER = "com.codepath.Tip-CalculatorUITests";
				PRODUCT_NAME = "$(TARGET_NAME)";
				TARGETED_DEVICE_FAMILY = "1,2";
				TEST_TARGET_NAME = "Tip Calculator";
			};
			name = Release;
		};
/* End XCBuildConfiguration section */

/* Begin XCConfigurationList section */
		DE530B7326826D09006606C1 /* Build configuration list for PBXProject "Tip Calculator" */ = {
			isa = XCConfigurationList;
			buildConfigurations = (
				DE530BA526826D0B006606C1 /* Debug */,
				DE530BA626826D0B006606C1 /* Release */,
			);
			defaultConfigurationIsVisible = 0;
			defaultConfigurationName = Release;
		};
		DE530BA726826D0B006606C1 /* Build configuration list for PBXNativeTarget "Tip Calculator" */ = {
			isa = XCConfigurationList;
			buildConfigurations = (
				DE530BA826826D0B006606C1 /* Debug */,
				DE530BA926826D0B006606C1 /* Release */,
			);
			defaultConfigurationIsVisible = 0;
			defaultConfigurationName = Release;
		};
		DE530BAA26826D0B006606C1 /* Build configuration list for PBXNativeTarget "Tip CalculatorTests" */ = {
			isa = XCConfigurationList;
			buildConfigurations = (
				DE530BAB26826D0B006606C1 /* Debug */,
				DE530BAC26826D0B006606C1 /* Release */,
			);
			defaultConfigurationIsVisible = 0;
			defaultConfigurationName = Release;
		};
		DE530BAD26826D0B006606C1 /* Build configuration list for PBXNativeTarget "Tip CalculatorUITests" */ = {
			isa = XCConfigurationList;
			buildConfigurations = (
				DE530BAE26826D0B006606C1 /* Debug */,
				DE530BAF26826D0B006606C1 /* Release */,
			);
			defaultConfigurationIsVisible = 0;
			defaultConfigurationName = Release;
		};
/* End XCConfigurationList section */
	};
	rootObject = DE530B7026826D09006606C1 /* Project object */;
}
